<?xml version="1.0" encoding="utf-8"?>
<Project ToolsVersion="4.0" xmlns="http://schemas.microsoft.com/developer/msbuild/2003">
  <ItemGroup>
    <Filter Include="Source Files">
      <UniqueIdentifier>{4FC737F1-C7A5-4376-A066-2A32D752A2FF}</UniqueIdentifier>
      <Extensions>cpp;c;cc;cxx;c++;cppm;ixx;def;odl;idl;hpj;bat;asm;asmx</Extensions>
    </Filter>
    <Filter Include="Header Files">
      <UniqueIdentifier>{93995380-89BD-4b04-88EB-625FBE52EBFB}</UniqueIdentifier>
      <Extensions>h;hh;hpp;hxx;h++;hm;inl;inc;ipp;xsd</Extensions>
    </Filter>
    <Filter Include="Resource Files">
      <UniqueIdentifier>{67DA6AB6-F800-4c08-8B7A-83BB121AAD01}</UniqueIdentifier>
      <Extensions>rc;ico;cur;bmp;dlg;rc2;rct;bin;rgs;gif;jpg;jpeg;jpe;resx;tiff;tif;png;wav;mfcribbon-ms</Extensions>
    </Filter>
    <Filter Include="Resource Files\Shaders">
      <UniqueIdentifier>{4972e9f5-1d6c-4f05-b180-facbbd987936}</UniqueIdentifier>
    </Filter>
  </ItemGroup>
  <ItemGroup>
    <ClCompile Include="program.cpp">
      <Filter>Source Files</Filter>
    </ClCompile>
    <ClCompile Include="glad.c">
      <Filter>Source Files</Filter>
    </ClCompile>
    <ClCompile Include="GameObjectBase.cpp">
      <Filter>Source Files</Filter>
    </ClCompile>
    <ClCompile Include="ResourceManager.cpp">
      <Filter>Source Files</Filter>
    </ClCompile>
    <ClCompile Include="Game.cpp">
      <Filter>Source Files</Filter>
    </ClCompile>
    <ClCompile Include="Texture2D.cpp">
      <Filter>Source Files</Filter>
    </ClCompile>
    <ClCompile Include="Shader.cpp">
      <Filter>Source Files</Filter>
    </ClCompile>
    <ClCompile Include="GameObjectCustom.cpp">
      <Filter>Source Files</Filter>
    </ClCompile>
    <ClCompile Include="Mesh.cpp">
      <Filter>Source Files</Filter>
    </ClCompile>
    <ClCompile Include="Model.cpp">
      <Filter>Source Files</Filter>
    </ClCompile>
    <ClCompile Include="GameObjectFromModel.cpp">
      <Filter>Source Files</Filter>
    </ClCompile>
    <ClCompile Include="GameLevel.cpp">
      <Filter>Source Files</Filter>
    </ClCompile>
    <ClCompile Include="LoggerManager.cpp">
      <Filter>Source Files</Filter>
    </ClCompile>
    <ClCompile Include="Utility.cpp">
      <Filter>Source Files</Filter>
    </ClCompile>
    <ClCompile Include="PacMan.cpp">
      <Filter>Source Files</Filter>
    </ClCompile>
    <ClCompile Include="Ghost.cpp">
      <Filter>Source Files</Filter>
    </ClCompile>
    <ClCompile Include="Blinky.cpp">
      <Filter>Source Files</Filter>
    </ClCompile>
    <ClCompile Include="Clyde.cpp">
      <Filter>Source Files</Filter>
    </ClCompile>
    <ClCompile Include="Inky.cpp">
      <Filter>Source Files</Filter>
    </ClCompile>
    <ClCompile Include="Pinky.cpp">
      <Filter>Source Files</Filter>
    </ClCompile>
    <ClCompile Include="VulnerableGhost.cpp">
      <Filter>Source Files</Filter>
    </ClCompile>
  </ItemGroup>
  <ItemGroup>
    <ClInclude Include="FileSystem.hpp">
      <Filter>Header Files</Filter>
    </ClInclude>
    <ClInclude Include="Game.hpp">
      <Filter>Header Files</Filter>
    </ClInclude>
    <ClInclude Include="GameObjectBase.hpp">
      <Filter>Header Files</Filter>
    </ClInclude>
    <ClInclude Include="ResourceManager.hpp">
      <Filter>Header Files</Filter>
    </ClInclude>
    <ClInclude Include="Texture2D.hpp">
      <Filter>Header Files</Filter>
    </ClInclude>
    <ClInclude Include="Shader.hpp">
      <Filter>Header Files</Filter>
    </ClInclude>
    <ClInclude Include="GameObjectCustom.hpp">
      <Filter>Header Files</Filter>
    </ClInclude>
    <ClInclude Include="Mesh.hpp">
      <Filter>Header Files</Filter>
    </ClInclude>
    <ClInclude Include="Model.hpp">
      <Filter>Header Files</Filter>
    </ClInclude>
    <ClInclude Include="GameObjectFromModel.hpp">
      <Filter>Header Files</Filter>
    </ClInclude>
    <ClInclude Include="GameLevel.hpp">
      <Filter>Header Files</Filter>
    </ClInclude>
    <ClInclude Include="LoggerManager.hpp">
      <Filter>Header Files</Filter>
    </ClInclude>
    <ClInclude Include="Utility.hpp">
      <Filter>Header Files</Filter>
    </ClInclude>
    <ClInclude Include="PacMan.hpp">
      <Filter>Header Files</Filter>
    </ClInclude>
    <ClInclude Include="Ghost.hpp">
      <Filter>Header Files</Filter>
    </ClInclude>
    <ClInclude Include="Blinky.hpp">
      <Filter>Header Files</Filter>
    </ClInclude>
    <ClInclude Include="custom_types.hpp">
      <Filter>Header Files</Filter>
    </ClInclude>
    <ClInclude Include="Clyde.hpp">
      <Filter>Header Files</Filter>
    </ClInclude>
    <ClInclude Include="Inky.hpp">
      <Filter>Header Files</Filter>
    </ClInclude>
    <ClInclude Include="Pinky.hpp">
      <Filter>Header Files</Filter>
    </ClInclude>
    <ClInclude Include="VulnerableGhost.hpp">
      <Filter>Header Files</Filter>
    </ClInclude>
  </ItemGroup>
  <ItemGroup>
    <None Include="shaders\mazeWall.fs">
      <Filter>Resource Files\Shaders</Filter>
    </None>
    <None Include="shaders\mazeWall.vs">
      <Filter>Resource Files\Shaders</Filter>
    </None>
    <None Include="shaders\mazeFloor.fs">
      <Filter>Resource Files\Shaders</Filter>
    </None>
    <None Include="shaders\mazeFloor.vs">
      <Filter>Resource Files\Shaders</Filter>
    </None>
    <None Include="shaders\dot.fs">
      <Filter>Resource Files\Shaders</Filter>
    </None>
    <None Include="shaders\dot.vs">
      <Filter>Resource Files\Shaders</Filter>
    </None>
    <None Include="shaders\pacman.fs">
      <Filter>Resource Files\Shaders</Filter>
    </None>
    <None Include="shaders\pacman.vs">
      <Filter>Resource Files\Shaders</Filter>
    </None>
    <None Include="shaders\ghost.fs">
      <Filter>Resource Files\Shaders</Filter>
    </None>
    <None Include="shaders\ghost.vs">
      <Filter>Resource Files\Shaders</Filter>
    </None>
  </ItemGroup>
</Project>